
Microsoft Visual Studio Solution File, Format Version 12.00
# Visual Studio 15
Project("{FAE04EC0-301F-11D3-BF4B-00C04F79EFBC}") = "XamarinFormsCompare.Android", "XamarinFormsCompare.Android\XamarinFormsCompare.Android.csproj", "{9372A771-60BF-436B-931F-C11AB594F777}"
EndProject
Project("{FAE04EC0-301F-11D3-BF4B-00C04F79EFBC}") = "XamarinFormsCompare.iOS", "XamarinFormsCompare.iOS\XamarinFormsCompare.iOS.csproj", "{687794F5-EF5F-4811-8361-59619A03A084}"
EndProject
Project("{FAE04EC0-301F-11D3-BF4B-00C04F79EFBC}") = "XamarinFormsCompare", "XamarinFormsCompare\XamarinFormsCompare.csproj", "{FE9CFA0C-9FEE-4393-8F13-E8A058148B08}"
EndProject
Global
	GlobalSection(SolutionConfigurationPlatforms) = preSolution
		Debug|Any CPU = Debug|Any CPU
		Release|Any CPU = Release|Any CPU
		Debug|iPhoneSimulator = Debug|iPhoneSimulator
		Release|iPhoneSimulator = Release|iPhoneSimulator
		Debug|iPhone = Debug|iPhone
		Release|iPhone = Release|iPhone
	EndGlobalSection
	GlobalSection(ProjectConfigurationPlatforms) = postSolution
		{9372A771-60BF-436B-931F-C11AB594F777}.Debug|Any CPU.ActiveCfg = Debug|Any CPU
		{9372A771-60BF-436B-931F-C11AB594F777}.Debug|Any CPU.Build.0 = Debug|Any CPU
		{9372A771-60BF-436B-931F-C11AB594F777}.Release|Any CPU.ActiveCfg = Release|Any CPU
		{9372A771-60BF-436B-931F-C11AB594F777}.Release|Any CPU.Build.0 = Release|Any CPU
		{9372A771-60BF-436B-931F-C11AB594F777}.Debug|iPhoneSimulator.ActiveCfg = Debug|Any CPU
		{9372A771-60BF-436B-931F-C11AB594F777}.Debug|iPhoneSimulator.Build.0 = Debug|Any CPU
		{9372A771-60BF-436B-931F-C11AB594F777}.Release|iPhoneSimulator.ActiveCfg = Release|Any CPU
		{9372A771-60BF-436B-931F-C11AB594F777}.Release|iPhoneSimulator.Build.0 = Release|Any CPU
		{9372A771-60BF-436B-931F-C11AB594F777}.Debug|iPhone.ActiveCfg = Debug|Any CPU
		{9372A771-60BF-436B-931F-C11AB594F777}.Debug|iPhone.Build.0 = Debug|Any CPU
		{9372A771-60BF-436B-931F-C11AB594F777}.Release|iPhone.ActiveCfg = Release|Any CPU
		{9372A771-60BF-436B-931F-C11AB594F777}.Release|iPhone.Build.0 = Release|Any CPU
		{687794F5-EF5F-4811-8361-59619A03A084}.Debug|Any CPU.ActiveCfg = Debug|iPhoneSimulator
		{687794F5-EF5F-4811-8361-59619A03A084}.Debug|Any CPU.Build.0 = Debug|iPhoneSimulator
		{687794F5-EF5F-4811-8361-59619A03A084}.Release|Any CPU.ActiveCfg = Release|iPhoneSimulator
		{687794F5-EF5F-4811-8361-59619A03A084}.Release|Any CPU.Build.0 = Release|iPhoneSimulator
		{687794F5-EF5F-4811-8361-59619A03A084}.Debug|iPhoneSimulator.ActiveCfg = Debug|iPhoneSimulator
		{687794F5-EF5F-4811-8361-59619A03A084}.Debug|iPhoneSimulator.Build.0 = Debug|iPhoneSimulator
		{687794F5-EF5F-4811-8361-59619A03A084}.Release|iPhoneSimulator.ActiveCfg = Release|iPhoneSimulator
		{687794F5-EF5F-4811-8361-59619A03A084}.Release|iPhoneSimulator.Build.0 = Release|iPhoneSimulator
		{687794F5-EF5F-4811-8361-59619A03A084}.Debug|iPhone.ActiveCfg = Debug|iPhone
		{687794F5-EF5F-4811-8361-59619A03A084}.Debug|iPhone.Build.0 = Debug|iPhone
		{687794F5-EF5F-4811-8361-59619A03A084}.Release|iPhone.ActiveCfg = Release|iPhone
		{687794F5-EF5F-4811-8361-59619A03A084}.Release|iPhone.Build.0 = Release|iPhone
		{FE9CFA0C-9FEE-4393-8F13-E8A058148B08}.Debug|Any CPU.ActiveCfg = Debug|Any CPU
		{FE9CFA0C-9FEE-4393-8F13-E8A058148B08}.Debug|Any CPU.Build.0 = Debug|Any CPU
		{FE9CFA0C-9FEE-4393-8F13-E8A058148B08}.Release|Any CPU.ActiveCfg = Release|Any CPU
		{FE9CFA0C-9FEE-4393-8F13-E8A058148B08}.Release|Any CPU.Build.0 = Release|Any CPU
		{FE9CFA0C-9FEE-4393-8F13-E8A058148B08}.Debug|iPhoneSimulator.ActiveCfg = Debug|Any CPU
		{FE9CFA0C-9FEE-4393-8F13-E8A058148B08}.Debug|iPhoneSimulator.Build.0 = Debug|Any CPU
		{FE9CFA0C-9FEE-4393-8F13-E8A058148B08}.Release|iPhoneSimulator.ActiveCfg = Release|Any CPU
		{FE9CFA0C-9FEE-4393-8F13-E8A058148B08}.Release|iPhoneSimulator.Build.0 = Release|Any CPU
		{FE9CFA0C-9FEE-4393-8F13-E8A058148B08}.Debug|iPhone.ActiveCfg = Debug|Any CPU
		{FE9CFA0C-9FEE-4393-8F13-E8A058148B08}.Debug|iPhone.Build.0 = Debug|Any CPU
		{FE9CFA0C-9FEE-4393-8F13-E8A058148B08}.Release|iPhone.ActiveCfg = Release|Any CPU
		{FE9CFA0C-9FEE-4393-8F13-E8A058148B08}.Release|iPhone.Build.0 = Release|Any CPU
	EndGlobalSection
EndGlobal
