
Microsoft Visual Studio Solution File, Format Version 12.00
# Visual Studio 15
Project("{FAE04EC0-301F-11D3-BF4B-00C04F79EFBC}") = "XamarinFormsCompareApp.Android", "XamarinFormsCompareApp.Android\XamarinFormsCompareApp.Android.csproj", "{6DAC8605-F262-434C-80D9-7B05818D5542}"
EndProject
Project("{FAE04EC0-301F-11D3-BF4B-00C04F79EFBC}") = "XamarinFormsCompareApp.iOS", "XamarinFormsCompareApp.iOS\XamarinFormsCompareApp.iOS.csproj", "{7016EE67-5D2E-4B0C-B59E-2098E1093427}"
EndProject
Project("{FAE04EC0-301F-11D3-BF4B-00C04F79EFBC}") = "XamarinFormsCompareApp.UITests", "XamarinFormsCompareApp.UITests\XamarinFormsCompareApp.UITests.csproj", "{5044E2E5-4589-4457-A942-7EC9EFDDA076}"
EndProject
Project("{FAE04EC0-301F-11D3-BF4B-00C04F79EFBC}") = "XamarinFormsCompareApp", "XamarinFormsCompareApp\XamarinFormsCompareApp.csproj", "{D4A988F5-542D-4A01-B856-439F06D4BFFF}"
EndProject
Project("{FAE04EC0-301F-11D3-BF4B-00C04F79EFBC}") = "XamarinFormsCompareAppTests", "XamarinFormsCompareAppTests\XamarinFormsCompareAppTests.csproj", "{834F571F-EA2A-4340-A244-81A7FED22015}"
EndProject
Global
	GlobalSection(SolutionConfigurationPlatforms) = preSolution
		Debug|Any CPU = Debug|Any CPU
		Release|Any CPU = Release|Any CPU
		Debug|iPhoneSimulator = Debug|iPhoneSimulator
		Release|iPhoneSimulator = Release|iPhoneSimulator
		Debug|iPhone = Debug|iPhone
		Release|iPhone = Release|iPhone
	EndGlobalSection
	GlobalSection(ProjectConfigurationPlatforms) = postSolution
		{6DAC8605-F262-434C-80D9-7B05818D5542}.Debug|Any CPU.ActiveCfg = Debug|Any CPU
		{6DAC8605-F262-434C-80D9-7B05818D5542}.Debug|Any CPU.Build.0 = Debug|Any CPU
		{6DAC8605-F262-434C-80D9-7B05818D5542}.Release|Any CPU.ActiveCfg = Release|Any CPU
		{6DAC8605-F262-434C-80D9-7B05818D5542}.Release|Any CPU.Build.0 = Release|Any CPU
		{6DAC8605-F262-434C-80D9-7B05818D5542}.Debug|iPhoneSimulator.ActiveCfg = Debug|Any CPU
		{6DAC8605-F262-434C-80D9-7B05818D5542}.Debug|iPhoneSimulator.Build.0 = Debug|Any CPU
		{6DAC8605-F262-434C-80D9-7B05818D5542}.Release|iPhoneSimulator.ActiveCfg = Release|Any CPU
		{6DAC8605-F262-434C-80D9-7B05818D5542}.Release|iPhoneSimulator.Build.0 = Release|Any CPU
		{6DAC8605-F262-434C-80D9-7B05818D5542}.Debug|iPhone.ActiveCfg = Debug|Any CPU
		{6DAC8605-F262-434C-80D9-7B05818D5542}.Debug|iPhone.Build.0 = Debug|Any CPU
		{6DAC8605-F262-434C-80D9-7B05818D5542}.Release|iPhone.ActiveCfg = Release|Any CPU
		{6DAC8605-F262-434C-80D9-7B05818D5542}.Release|iPhone.Build.0 = Release|Any CPU
		{7016EE67-5D2E-4B0C-B59E-2098E1093427}.Debug|Any CPU.ActiveCfg = Debug|iPhoneSimulator
		{7016EE67-5D2E-4B0C-B59E-2098E1093427}.Debug|Any CPU.Build.0 = Debug|iPhoneSimulator
		{7016EE67-5D2E-4B0C-B59E-2098E1093427}.Release|Any CPU.ActiveCfg = Release|iPhoneSimulator
		{7016EE67-5D2E-4B0C-B59E-2098E1093427}.Release|Any CPU.Build.0 = Release|iPhoneSimulator
		{7016EE67-5D2E-4B0C-B59E-2098E1093427}.Debug|iPhoneSimulator.ActiveCfg = Debug|iPhoneSimulator
		{7016EE67-5D2E-4B0C-B59E-2098E1093427}.Debug|iPhoneSimulator.Build.0 = Debug|iPhoneSimulator
		{7016EE67-5D2E-4B0C-B59E-2098E1093427}.Release|iPhoneSimulator.ActiveCfg = Release|iPhoneSimulator
		{7016EE67-5D2E-4B0C-B59E-2098E1093427}.Release|iPhoneSimulator.Build.0 = Release|iPhoneSimulator
		{7016EE67-5D2E-4B0C-B59E-2098E1093427}.Debug|iPhone.ActiveCfg = Debug|iPhone
		{7016EE67-5D2E-4B0C-B59E-2098E1093427}.Debug|iPhone.Build.0 = Debug|iPhone
		{7016EE67-5D2E-4B0C-B59E-2098E1093427}.Release|iPhone.ActiveCfg = Release|iPhone
		{7016EE67-5D2E-4B0C-B59E-2098E1093427}.Release|iPhone.Build.0 = Release|iPhone
		{5044E2E5-4589-4457-A942-7EC9EFDDA076}.Debug|Any CPU.ActiveCfg = Debug|Any CPU
		{5044E2E5-4589-4457-A942-7EC9EFDDA076}.Debug|Any CPU.Build.0 = Debug|Any CPU
		{5044E2E5-4589-4457-A942-7EC9EFDDA076}.Release|Any CPU.ActiveCfg = Release|Any CPU
		{5044E2E5-4589-4457-A942-7EC9EFDDA076}.Release|Any CPU.Build.0 = Release|Any CPU
		{5044E2E5-4589-4457-A942-7EC9EFDDA076}.Debug|iPhoneSimulator.ActiveCfg = Debug|Any CPU
		{5044E2E5-4589-4457-A942-7EC9EFDDA076}.Debug|iPhoneSimulator.Build.0 = Debug|Any CPU
		{5044E2E5-4589-4457-A942-7EC9EFDDA076}.Release|iPhoneSimulator.ActiveCfg = Release|Any CPU
		{5044E2E5-4589-4457-A942-7EC9EFDDA076}.Release|iPhoneSimulator.Build.0 = Release|Any CPU
		{5044E2E5-4589-4457-A942-7EC9EFDDA076}.Debug|iPhone.ActiveCfg = Debug|Any CPU
		{5044E2E5-4589-4457-A942-7EC9EFDDA076}.Debug|iPhone.Build.0 = Debug|Any CPU
		{5044E2E5-4589-4457-A942-7EC9EFDDA076}.Release|iPhone.ActiveCfg = Release|Any CPU
		{5044E2E5-4589-4457-A942-7EC9EFDDA076}.Release|iPhone.Build.0 = Release|Any CPU
		{D4A988F5-542D-4A01-B856-439F06D4BFFF}.Debug|Any CPU.ActiveCfg = Debug|Any CPU
		{D4A988F5-542D-4A01-B856-439F06D4BFFF}.Debug|Any CPU.Build.0 = Debug|Any CPU
		{D4A988F5-542D-4A01-B856-439F06D4BFFF}.Release|Any CPU.ActiveCfg = Release|Any CPU
		{D4A988F5-542D-4A01-B856-439F06D4BFFF}.Release|Any CPU.Build.0 = Release|Any CPU
		{D4A988F5-542D-4A01-B856-439F06D4BFFF}.Debug|iPhoneSimulator.ActiveCfg = Debug|Any CPU
		{D4A988F5-542D-4A01-B856-439F06D4BFFF}.Debug|iPhoneSimulator.Build.0 = Debug|Any CPU
		{D4A988F5-542D-4A01-B856-439F06D4BFFF}.Release|iPhoneSimulator.ActiveCfg = Release|Any CPU
		{D4A988F5-542D-4A01-B856-439F06D4BFFF}.Release|iPhoneSimulator.Build.0 = Release|Any CPU
		{D4A988F5-542D-4A01-B856-439F06D4BFFF}.Debug|iPhone.ActiveCfg = Debug|Any CPU
		{D4A988F5-542D-4A01-B856-439F06D4BFFF}.Debug|iPhone.Build.0 = Debug|Any CPU
		{D4A988F5-542D-4A01-B856-439F06D4BFFF}.Release|iPhone.ActiveCfg = Release|Any CPU
		{D4A988F5-542D-4A01-B856-439F06D4BFFF}.Release|iPhone.Build.0 = Release|Any CPU
		{834F571F-EA2A-4340-A244-81A7FED22015}.Debug|Any CPU.ActiveCfg = Debug|Any CPU
		{834F571F-EA2A-4340-A244-81A7FED22015}.Debug|Any CPU.Build.0 = Debug|Any CPU
		{834F571F-EA2A-4340-A244-81A7FED22015}.Release|Any CPU.ActiveCfg = Release|Any CPU
		{834F571F-EA2A-4340-A244-81A7FED22015}.Release|Any CPU.Build.0 = Release|Any CPU
		{834F571F-EA2A-4340-A244-81A7FED22015}.Debug|iPhoneSimulator.ActiveCfg = Debug|Any CPU
		{834F571F-EA2A-4340-A244-81A7FED22015}.Debug|iPhoneSimulator.Build.0 = Debug|Any CPU
		{834F571F-EA2A-4340-A244-81A7FED22015}.Release|iPhoneSimulator.ActiveCfg = Release|Any CPU
		{834F571F-EA2A-4340-A244-81A7FED22015}.Release|iPhoneSimulator.Build.0 = Release|Any CPU
		{834F571F-EA2A-4340-A244-81A7FED22015}.Debug|iPhone.ActiveCfg = Debug|Any CPU
		{834F571F-EA2A-4340-A244-81A7FED22015}.Debug|iPhone.Build.0 = Debug|Any CPU
		{834F571F-EA2A-4340-A244-81A7FED22015}.Release|iPhone.ActiveCfg = Release|Any CPU
		{834F571F-EA2A-4340-A244-81A7FED22015}.Release|iPhone.Build.0 = Release|Any CPU
	EndGlobalSection
EndGlobal
